# THIS IS AN AUTOGENERATED FILE. DO NOT EDIT THIS FILE DIRECTLY.
# yarn lockfile v1


react-native-reanimated@^1.0.0-alpha.11:
  version "1.0.0-alpha.11"
  resolved "https://registry.yarnpkg.com/react-native-reanimated/-/react-native-reanimated-1.0.0-alpha.11.tgz#b78c839bae878d149561b56a3c750414957ea86d"
  integrity sha512-lDakjY8CXmZiSN71hyc276b3d7M9mKV9ZyYw4W/rTnnJbgBFaqdIxSHq4S4LxSbVqpAoQMfUJqPTE0BKbAz7Aw==
